// !$*UTF8*$!
{
	archiveVersion = 1;
	classes = {
	};
	objectVersion = 46;
	objects = {

/* Begin PBXBuildFile section */
		2D94E6F2DEA27437551C8FF8 /* Pods_habitissimochallenge.framework in Frameworks */ = {isa = PBXBuildFile; fileRef = 998F98CC97EDD2DC8D47D317 /* Pods_habitissimochallenge.framework */; };
		36478F211EA88FC500F411A8 /* Budget.swift in Sources */ = {isa = PBXBuildFile; fileRef = 36478F201EA88FC500F411A8 /* Budget.swift */; };
		36478F231EA8909C00F411A8 /* Category.swift in Sources */ = {isa = PBXBuildFile; fileRef = 36478F221EA8909C00F411A8 /* Category.swift */; };
		36478F251EA8915E00F411A8 /* Locations.swift in Sources */ = {isa = PBXBuildFile; fileRef = 36478F241EA8915E00F411A8 /* Locations.swift */; };
		36478F281EA8923E00F411A8 /* AppConstants.swift in Sources */ = {isa = PBXBuildFile; fileRef = 36478F271EA8923E00F411A8 /* AppConstants.swift */; };
		36478F2C1EA8931B00F411A8 /* AppSingleton.swift in Sources */ = {isa = PBXBuildFile; fileRef = 36478F2B1EA8931B00F411A8 /* AppSingleton.swift */; };
		36478F2E1EA8935800F411A8 /* WebServiceCommunication.swift in Sources */ = {isa = PBXBuildFile; fileRef = 36478F2D1EA8935800F411A8 /* WebServiceCommunication.swift */; };
		36478F321EA894BF00F411A8 /* BudgetDAO.swift in Sources */ = {isa = PBXBuildFile; fileRef = 36478F311EA894BF00F411A8 /* BudgetDAO.swift */; };
		36478F341EA894CB00F411A8 /* CategoryDAO.swift in Sources */ = {isa = PBXBuildFile; fileRef = 36478F331EA894CB00F411A8 /* CategoryDAO.swift */; };
		36478F361EA894D600F411A8 /* LocationsDAO.swift in Sources */ = {isa = PBXBuildFile; fileRef = 36478F351EA894D600F411A8 /* LocationsDAO.swift */; };
		367B62611EAE1A430066876E /* UtilValidation.swift in Sources */ = {isa = PBXBuildFile; fileRef = 367B62601EAE1A430066876E /* UtilValidation.swift */; };
		367B62631EAE23B60066876E /* UtilFileManagement.swift in Sources */ = {isa = PBXBuildFile; fileRef = 367B62621EAE23B60066876E /* UtilFileManagement.swift */; };
		367E8D191EA88BA00083DE62 /* AppDelegate.swift in Sources */ = {isa = PBXBuildFile; fileRef = 367E8D181EA88BA00083DE62 /* AppDelegate.swift */; };
		367E8D1B1EA88BA00083DE62 /* BudgetsVC.swift in Sources */ = {isa = PBXBuildFile; fileRef = 367E8D1A1EA88BA00083DE62 /* BudgetsVC.swift */; };
		367E8D1D1EA88BA00083DE62 /* NewBudgetVC.swift in Sources */ = {isa = PBXBuildFile; fileRef = 367E8D1C1EA88BA00083DE62 /* NewBudgetVC.swift */; };
		367E8D201EA88BA00083DE62 /* Main.storyboard in Resources */ = {isa = PBXBuildFile; fileRef = 367E8D1E1EA88BA00083DE62 /* Main.storyboard */; };
		367E8D221EA88BA00083DE62 /* Assets.xcassets in Resources */ = {isa = PBXBuildFile; fileRef = 367E8D211EA88BA00083DE62 /* Assets.xcassets */; };
		367E8D251EA88BA00083DE62 /* LaunchScreen.storyboard in Resources */ = {isa = PBXBuildFile; fileRef = 367E8D231EA88BA00083DE62 /* LaunchScreen.storyboard */; };
		36B4BEEA1EAF2D3B00E98DAE /* database_v100_1.sql in Resources */ = {isa = PBXBuildFile; fileRef = 36B4BEE81EAF2D3B00E98DAE /* database_v100_1.sql */; };
		36B4BEEB1EAF2D3B00E98DAE /* habitissimoDB_v100_1.sqlite in Resources */ = {isa = PBXBuildFile; fileRef = 36B4BEE91EAF2D3B00E98DAE /* habitissimoDB_v100_1.sqlite */; };
		36B4BEED1EAF6AAD00E98DAE /* UtilAlertManagement.swift in Sources */ = {isa = PBXBuildFile; fileRef = 36B4BEEC1EAF6AAD00E98DAE /* UtilAlertManagement.swift */; };
		36B4BEEF1EAF7D1000E98DAE /* BudgetDetailVC.swift in Sources */ = {isa = PBXBuildFile; fileRef = 36B4BEEE1EAF7D1000E98DAE /* BudgetDetailVC.swift */; };
/* End PBXBuildFile section */

/* Begin PBXFileReference section */
		30400289108E75FA7D304497 /* Pods-habitissimochallenge.debug.xcconfig */ = {isa = PBXFileReference; includeInIndex = 1; lastKnownFileType = text.xcconfig; name = "Pods-habitissimochallenge.debug.xcconfig"; path = "Pods/Target Support Files/Pods-habitissimochallenge/Pods-habitissimochallenge.debug.xcconfig"; sourceTree = "<group>"; };
		36478F201EA88FC500F411A8 /* Budget.swift */ = {isa = PBXFileReference; fileEncoding = 4; lastKnownFileType = sourcecode.swift; lineEnding = 0; path = Budget.swift; sourceTree = "<group>"; xcLanguageSpecificationIdentifier = xcode.lang.swift; };
		36478F221EA8909C00F411A8 /* Category.swift */ = {isa = PBXFileReference; fileEncoding = 4; lastKnownFileType = sourcecode.swift; path = Category.swift; sourceTree = "<group>"; };
		36478F241EA8915E00F411A8 /* Locations.swift */ = {isa = PBXFileReference; fileEncoding = 4; lastKnownFileType = sourcecode.swift; path = Locations.swift; sourceTree = "<group>"; };
		36478F271EA8923E00F411A8 /* AppConstants.swift */ = {isa = PBXFileReference; fileEncoding = 4; lastKnownFileType = sourcecode.swift; path = AppConstants.swift; sourceTree = "<group>"; };
		36478F2B1EA8931B00F411A8 /* AppSingleton.swift */ = {isa = PBXFileReference; fileEncoding = 4; lastKnownFileType = sourcecode.swift; path = AppSingleton.swift; sourceTree = "<group>"; };
		36478F2D1EA8935800F411A8 /* WebServiceCommunication.swift */ = {isa = PBXFileReference; fileEncoding = 4; lastKnownFileType = sourcecode.swift; path = WebServiceCommunication.swift; sourceTree = "<group>"; };
		36478F311EA894BF00F411A8 /* BudgetDAO.swift */ = {isa = PBXFileReference; fileEncoding = 4; lastKnownFileType = sourcecode.swift; lineEnding = 0; path = BudgetDAO.swift; sourceTree = "<group>"; xcLanguageSpecificationIdentifier = xcode.lang.swift; };
		36478F331EA894CB00F411A8 /* CategoryDAO.swift */ = {isa = PBXFileReference; fileEncoding = 4; lastKnownFileType = sourcecode.swift; path = CategoryDAO.swift; sourceTree = "<group>"; };
		36478F351EA894D600F411A8 /* LocationsDAO.swift */ = {isa = PBXFileReference; fileEncoding = 4; lastKnownFileType = sourcecode.swift; path = LocationsDAO.swift; sourceTree = "<group>"; };
		367B62601EAE1A430066876E /* UtilValidation.swift */ = {isa = PBXFileReference; fileEncoding = 4; lastKnownFileType = sourcecode.swift; path = UtilValidation.swift; sourceTree = "<group>"; };
		367B62621EAE23B60066876E /* UtilFileManagement.swift */ = {isa = PBXFileReference; fileEncoding = 4; lastKnownFileType = sourcecode.swift; path = UtilFileManagement.swift; sourceTree = "<group>"; };
		367E8D151EA88BA00083DE62 /* habitissimochallenge.app */ = {isa = PBXFileReference; explicitFileType = wrapper.application; includeInIndex = 0; path = habitissimochallenge.app; sourceTree = BUILT_PRODUCTS_DIR; };
		367E8D181EA88BA00083DE62 /* AppDelegate.swift */ = {isa = PBXFileReference; lastKnownFileType = sourcecode.swift; path = AppDelegate.swift; sourceTree = "<group>"; };
		367E8D1A1EA88BA00083DE62 /* BudgetsVC.swift */ = {isa = PBXFileReference; lastKnownFileType = sourcecode.swift; path = BudgetsVC.swift; sourceTree = "<group>"; };
		367E8D1C1EA88BA00083DE62 /* NewBudgetVC.swift */ = {isa = PBXFileReference; lastKnownFileType = sourcecode.swift; lineEnding = 0; path = NewBudgetVC.swift; sourceTree = "<group>"; xcLanguageSpecificationIdentifier = xcode.lang.swift; };
		367E8D1F1EA88BA00083DE62 /* Base */ = {isa = PBXFileReference; lastKnownFileType = file.storyboard; name = Base; path = Base.lproj/Main.storyboard; sourceTree = "<group>"; };
		367E8D211EA88BA00083DE62 /* Assets.xcassets */ = {isa = PBXFileReference; lastKnownFileType = folder.assetcatalog; path = Assets.xcassets; sourceTree = "<group>"; };
		367E8D241EA88BA00083DE62 /* Base */ = {isa = PBXFileReference; lastKnownFileType = file.storyboard; name = Base; path = Base.lproj/LaunchScreen.storyboard; sourceTree = "<group>"; };
		367E8D261EA88BA00083DE62 /* Info.plist */ = {isa = PBXFileReference; lastKnownFileType = text.plist.xml; path = Info.plist; sourceTree = "<group>"; };
		36B4BEE81EAF2D3B00E98DAE /* database_v100_1.sql */ = {isa = PBXFileReference; fileEncoding = 4; lastKnownFileType = text; path = database_v100_1.sql; sourceTree = "<group>"; };
		36B4BEE91EAF2D3B00E98DAE /* habitissimoDB_v100_1.sqlite */ = {isa = PBXFileReference; lastKnownFileType = file; path = habitissimoDB_v100_1.sqlite; sourceTree = "<group>"; };
		36B4BEEC1EAF6AAD00E98DAE /* UtilAlertManagement.swift */ = {isa = PBXFileReference; fileEncoding = 4; lastKnownFileType = sourcecode.swift; path = UtilAlertManagement.swift; sourceTree = "<group>"; };
		36B4BEEE1EAF7D1000E98DAE /* BudgetDetailVC.swift */ = {isa = PBXFileReference; fileEncoding = 4; lastKnownFileType = sourcecode.swift; path = BudgetDetailVC.swift; sourceTree = "<group>"; };
		56102B726F0F538206343938 /* Pods-habitissimochallenge.release.xcconfig */ = {isa = PBXFileReference; includeInIndex = 1; lastKnownFileType = text.xcconfig; name = "Pods-habitissimochallenge.release.xcconfig"; path = "Pods/Target Support Files/Pods-habitissimochallenge/Pods-habitissimochallenge.release.xcconfig"; sourceTree = "<group>"; };
		998F98CC97EDD2DC8D47D317 /* Pods_habitissimochallenge.framework */ = {isa = PBXFileReference; explicitFileType = wrapper.framework; includeInIndex = 0; path = Pods_habitissimochallenge.framework; sourceTree = BUILT_PRODUCTS_DIR; };
/* End PBXFileReference section */

/* Begin PBXFrameworksBuildPhase section */
		367E8D121EA88BA00083DE62 /* Frameworks */ = {
			isa = PBXFrameworksBuildPhase;
			buildActionMask = 2147483647;
			files = (
				2D94E6F2DEA27437551C8FF8 /* Pods_habitissimochallenge.framework in Frameworks */,
			);
			runOnlyForDeploymentPostprocessing = 0;
		};
/* End PBXFrameworksBuildPhase section */

/* Begin PBXGroup section */
		0A7DFB9E6A6AA7ACABE8DC17 /* Frameworks */ = {
			isa = PBXGroup;
			children = (
				998F98CC97EDD2DC8D47D317 /* Pods_habitissimochallenge.framework */,
			);
			name = Frameworks;
			sourceTree = "<group>";
		};
		2AD31EC8B0F25B2C89CA954B /* Pods */ = {
			isa = PBXGroup;
			children = (
				30400289108E75FA7D304497 /* Pods-habitissimochallenge.debug.xcconfig */,
				56102B726F0F538206343938 /* Pods-habitissimochallenge.release.xcconfig */,
			);
			name = Pods;
			sourceTree = "<group>";
		};
		36478F1C1EA88F7B00F411A8 /* Controller */ = {
			isa = PBXGroup;
			children = (
				367E8D1A1EA88BA00083DE62 /* BudgetsVC.swift */,
				36B4BEEE1EAF7D1000E98DAE /* BudgetDetailVC.swift */,
				367E8D1C1EA88BA00083DE62 /* NewBudgetVC.swift */,
			);
			name = Controller;
			sourceTree = "<group>";
		};
		36478F1D1EA88F8200F411A8 /* View */ = {
			isa = PBXGroup;
			children = (
				367E8D1E1EA88BA00083DE62 /* Main.storyboard */,
			);
			name = View;
			sourceTree = "<group>";
		};
		36478F1E1EA88F8700F411A8 /* Model */ = {
			isa = PBXGroup;
			children = (
				36478F2A1EA8930E00F411A8 /* Singelton */,
				36478F291EA892F700F411A8 /* ClassModelDB */,
				36478F301EA8949800F411A8 /* DAO */,
				36478F2F1EA893FC00F411A8 /* DB */,
				36478F2D1EA8935800F411A8 /* WebServiceCommunication.swift */,
			);
			name = Model;
			sourceTree = "<group>";
		};
		36478F1F1EA88F8D00F411A8 /* Support Files */ = {
			isa = PBXGroup;
			children = (
				367E8D261EA88BA00083DE62 /* Info.plist */,
				367E8D231EA88BA00083DE62 /* LaunchScreen.storyboard */,
			);
			name = "Support Files";
			sourceTree = "<group>";
		};
		36478F261EA8922B00F411A8 /* Utils */ = {
			isa = PBXGroup;
			children = (
				36478F271EA8923E00F411A8 /* AppConstants.swift */,
				367B62601EAE1A430066876E /* UtilValidation.swift */,
				367B62621EAE23B60066876E /* UtilFileManagement.swift */,
				36B4BEEC1EAF6AAD00E98DAE /* UtilAlertManagement.swift */,
			);
			name = Utils;
			sourceTree = "<group>";
		};
		36478F291EA892F700F411A8 /* ClassModelDB */ = {
			isa = PBXGroup;
			children = (
				36478F201EA88FC500F411A8 /* Budget.swift */,
				36478F221EA8909C00F411A8 /* Category.swift */,
				36478F241EA8915E00F411A8 /* Locations.swift */,
			);
			name = ClassModelDB;
			sourceTree = "<group>";
		};
		36478F2A1EA8930E00F411A8 /* Singelton */ = {
			isa = PBXGroup;
			children = (
				36478F2B1EA8931B00F411A8 /* AppSingleton.swift */,
			);
			name = Singelton;
			sourceTree = "<group>";
		};
		36478F2F1EA893FC00F411A8 /* DB */ = {
			isa = PBXGroup;
			children = (
				36B4BEE81EAF2D3B00E98DAE /* database_v100_1.sql */,
				36B4BEE91EAF2D3B00E98DAE /* habitissimoDB_v100_1.sqlite */,
			);
			name = DB;
			sourceTree = "<group>";
		};
		36478F301EA8949800F411A8 /* DAO */ = {
			isa = PBXGroup;
			children = (
				36478F311EA894BF00F411A8 /* BudgetDAO.swift */,
				36478F331EA894CB00F411A8 /* CategoryDAO.swift */,
				36478F351EA894D600F411A8 /* LocationsDAO.swift */,
			);
			name = DAO;
			sourceTree = "<group>";
		};
		367E8D0C1EA88BA00083DE62 = {
			isa = PBXGroup;
			children = (
				367E8D171EA88BA00083DE62 /* habitissimochallenge */,
				367E8D161EA88BA00083DE62 /* Products */,
				2AD31EC8B0F25B2C89CA954B /* Pods */,
				0A7DFB9E6A6AA7ACABE8DC17 /* Frameworks */,
			);
			sourceTree = "<group>";
		};
		367E8D161EA88BA00083DE62 /* Products */ = {
			isa = PBXGroup;
			children = (
				367E8D151EA88BA00083DE62 /* habitissimochallenge.app */,
			);
			name = Products;
			sourceTree = "<group>";
		};
		367E8D171EA88BA00083DE62 /* habitissimochallenge */ = {
			isa = PBXGroup;
			children = (
				367E8D181EA88BA00083DE62 /* AppDelegate.swift */,
				36478F261EA8922B00F411A8 /* Utils */,
				36478F1E1EA88F8700F411A8 /* Model */,
				36478F1D1EA88F8200F411A8 /* View */,
				36478F1C1EA88F7B00F411A8 /* Controller */,
				36478F1F1EA88F8D00F411A8 /* Support Files */,
				367E8D211EA88BA00083DE62 /* Assets.xcassets */,
			);
			path = habitissimochallenge;
			sourceTree = "<group>";
		};
/* End PBXGroup section */

/* Begin PBXNativeTarget section */
		367E8D141EA88BA00083DE62 /* habitissimochallenge */ = {
			isa = PBXNativeTarget;
			buildConfigurationList = 367E8D291EA88BA00083DE62 /* Build configuration list for PBXNativeTarget "habitissimochallenge" */;
			buildPhases = (
				8F16298A3FC9617563D39747 /* [CP] Check Pods Manifest.lock */,
				367E8D111EA88BA00083DE62 /* Sources */,
				367E8D121EA88BA00083DE62 /* Frameworks */,
				367E8D131EA88BA00083DE62 /* Resources */,
				545F7299F18E9D8AFAAEB7C3 /* [CP] Embed Pods Frameworks */,
				EA75ADF4AF83C51DE208638E /* [CP] Copy Pods Resources */,
			);
			buildRules = (
			);
			dependencies = (
			);
			name = habitissimochallenge;
			productName = habitissimochallenge;
			productReference = 367E8D151EA88BA00083DE62 /* habitissimochallenge.app */;
			productType = "com.apple.product-type.application";
		};
/* End PBXNativeTarget section */

/* Begin PBXProject section */
		367E8D0D1EA88BA00083DE62 /* Project object */ = {
			isa = PBXProject;
			attributes = {
				LastSwiftUpdateCheck = 0830;
				LastUpgradeCheck = 0830;
				ORGANIZATIONNAME = marcosmolero;
				TargetAttributes = {
					367E8D141EA88BA00083DE62 = {
						CreatedOnToolsVersion = 8.3.1;
						ProvisioningStyle = Automatic;
					};
				};
			};
			buildConfigurationList = 367E8D101EA88BA00083DE62 /* Build configuration list for PBXProject "habitissimochallenge" */;
			compatibilityVersion = "Xcode 3.2";
			developmentRegion = English;
			hasScannedForEncodings = 0;
			knownRegions = (
				en,
				Base,
			);
			mainGroup = 367E8D0C1EA88BA00083DE62;
			productRefGroup = 367E8D161EA88BA00083DE62 /* Products */;
			projectDirPath = "";
			projectRoot = "";
			targets = (
				367E8D141EA88BA00083DE62 /* habitissimochallenge */,
			);
		};
/* End PBXProject section */

/* Begin PBXResourcesBuildPhase section */
		367E8D131EA88BA00083DE62 /* Resources */ = {
			isa = PBXResourcesBuildPhase;
			buildActionMask = 2147483647;
			files = (
				36B4BEEA1EAF2D3B00E98DAE /* database_v100_1.sql in Resources */,
				36B4BEEB1EAF2D3B00E98DAE /* habitissimoDB_v100_1.sqlite in Resources */,
				367E8D251EA88BA00083DE62 /* LaunchScreen.storyboard in Resources */,
				367E8D221EA88BA00083DE62 /* Assets.xcassets in Resources */,
				367E8D201EA88BA00083DE62 /* Main.storyboard in Resources */,
			);
			runOnlyForDeploymentPostprocessing = 0;
		};
/* End PBXResourcesBuildPhase section */

/* Begin PBXShellScriptBuildPhase section */
		545F7299F18E9D8AFAAEB7C3 /* [CP] Embed Pods Frameworks */ = {
			isa = PBXShellScriptBuildPhase;
			buildActionMask = 2147483647;
			files = (
			);
			inputPaths = (
			);
			name = "[CP] Embed Pods Frameworks";
			outputPaths = (
			);
			runOnlyForDeploymentPostprocessing = 0;
			shellPath = /bin/sh;
			shellScript = "\"${SRCROOT}/Pods/Target Support Files/Pods-habitissimochallenge/Pods-habitissimochallenge-frameworks.sh\"\n";
			showEnvVarsInLog = 0;
		};
		8F16298A3FC9617563D39747 /* [CP] Check Pods Manifest.lock */ = {
			isa = PBXShellScriptBuildPhase;
			buildActionMask = 2147483647;
			files = (
			);
			inputPaths = (
			);
			name = "[CP] Check Pods Manifest.lock";
			outputPaths = (
			);
			runOnlyForDeploymentPostprocessing = 0;
			shellPath = /bin/sh;
			shellScript = "diff \"${PODS_ROOT}/../Podfile.lock\" \"${PODS_ROOT}/Manifest.lock\" > /dev/null\nif [ $? != 0 ] ; then\n    # print error to STDERR\n    echo \"error: The sandbox is not in sync with the Podfile.lock. Run 'pod install' or update your CocoaPods installation.\" >&2\n    exit 1\nfi\n";
			showEnvVarsInLog = 0;
		};
		EA75ADF4AF83C51DE208638E /* [CP] Copy Pods Resources */ = {
			isa = PBXShellScriptBuildPhase;
			buildActionMask = 2147483647;
			files = (
			);
			inputPaths = (
			);
			name = "[CP] Copy Pods Resources";
			outputPaths = (
			);
			runOnlyForDeploymentPostprocessing = 0;
			shellPath = /bin/sh;
			shellScript = "\"${SRCROOT}/Pods/Target Support Files/Pods-habitissimochallenge/Pods-habitissimochallenge-resources.sh\"\n";
			showEnvVarsInLog = 0;
		};
/* End PBXShellScriptBuildPhase section */

/* Begin PBXSourcesBuildPhase section */
		367E8D111EA88BA00083DE62 /* Sources */ = {
			isa = PBXSourcesBuildPhase;
			buildActionMask = 2147483647;
			files = (
				36478F341EA894CB00F411A8 /* CategoryDAO.swift in Sources */,
				36478F361EA894D600F411A8 /* LocationsDAO.swift in Sources */,
				367B62631EAE23B60066876E /* UtilFileManagement.swift in Sources */,
				36478F251EA8915E00F411A8 /* Locations.swift in Sources */,
				36478F2C1EA8931B00F411A8 /* AppSingleton.swift in Sources */,
				36478F2E1EA8935800F411A8 /* WebServiceCommunication.swift in Sources */,
				36B4BEEF1EAF7D1000E98DAE /* BudgetDetailVC.swift in Sources */,
				36478F321EA894BF00F411A8 /* BudgetDAO.swift in Sources */,
				367E8D1D1EA88BA00083DE62 /* NewBudgetVC.swift in Sources */,
				36478F231EA8909C00F411A8 /* Category.swift in Sources */,
				367E8D191EA88BA00083DE62 /* AppDelegate.swift in Sources */,
				36B4BEED1EAF6AAD00E98DAE /* UtilAlertManagement.swift in Sources */,
				36478F281EA8923E00F411A8 /* AppConstants.swift in Sources */,
				36478F211EA88FC500F411A8 /* Budget.swift in Sources */,
				367B62611EAE1A430066876E /* UtilValidation.swift in Sources */,
				367E8D1B1EA88BA00083DE62 /* BudgetsVC.swift in Sources */,
			);
			runOnlyForDeploymentPostprocessing = 0;
		};
/* End PBXSourcesBuildPhase section */

/* Begin PBXVariantGroup section */
		367E8D1E1EA88BA00083DE62 /* Main.storyboard */ = {
			isa = PBXVariantGroup;
			children = (
				367E8D1F1EA88BA00083DE62 /* Base */,
			);
			name = Main.storyboard;
			sourceTree = "<group>";
		};
		367E8D231EA88BA00083DE62 /* LaunchScreen.storyboard */ = {
			isa = PBXVariantGroup;
			children = (
				367E8D241EA88BA00083DE62 /* Base */,
			);
			name = LaunchScreen.storyboard;
			sourceTree = "<group>";
		};
/* End PBXVariantGroup section */

/* Begin XCBuildConfiguration section */
		367E8D271EA88BA00083DE62 /* Debug */ = {
			isa = XCBuildConfiguration;
			buildSettings = {
				ALWAYS_SEARCH_USER_PATHS = NO;
				CLANG_ANALYZER_NONNULL = YES;
				CLANG_ANALYZER_NUMBER_OBJECT_CONVERSION = YES_AGGRESSIVE;
				CLANG_CXX_LANGUAGE_STANDARD = "gnu++0x";
				CLANG_CXX_LIBRARY = "libc++";
				CLANG_ENABLE_MODULES = YES;
				CLANG_ENABLE_OBJC_ARC = YES;
				CLANG_WARN_BOOL_CONVERSION = YES;
				CLANG_WARN_CONSTANT_CONVERSION = YES;
				CLANG_WARN_DIRECT_OBJC_ISA_USAGE = YES_ERROR;
				CLANG_WARN_DOCUMENTATION_COMMENTS = YES;
				CLANG_WARN_EMPTY_BODY = YES;
				CLANG_WARN_ENUM_CONVERSION = YES;
				CLANG_WARN_INFINITE_RECURSION = YES;
				CLANG_WARN_INT_CONVERSION = YES;
				CLANG_WARN_OBJC_ROOT_CLASS = YES_ERROR;
				CLANG_WARN_SUSPICIOUS_MOVE = YES;
				CLANG_WARN_UNREACHABLE_CODE = YES;
				CLANG_WARN__DUPLICATE_METHOD_MATCH = YES;
				"CODE_SIGN_IDENTITY[sdk=iphoneos*]" = "iPhone Developer";
				COPY_PHASE_STRIP = NO;
				DEBUG_INFORMATION_FORMAT = dwarf;
				ENABLE_STRICT_OBJC_MSGSEND = YES;
				ENABLE_TESTABILITY = YES;
				GCC_C_LANGUAGE_STANDARD = gnu99;
				GCC_DYNAMIC_NO_PIC = NO;
				GCC_NO_COMMON_BLOCKS = YES;
				GCC_OPTIMIZATION_LEVEL = 0;
				GCC_PREPROCESSOR_DEFINITIONS = (
					"DEBUG=1",
					"$(inherited)",
				);
				GCC_WARN_64_TO_32_BIT_CONVERSION = YES;
				GCC_WARN_ABOUT_RETURN_TYPE = YES_ERROR;
				GCC_WARN_UNDECLARED_SELECTOR = YES;
				GCC_WARN_UNINITIALIZED_AUTOS = YES_AGGRESSIVE;
				GCC_WARN_UNUSED_FUNCTION = YES;
				GCC_WARN_UNUSED_VARIABLE = YES;
				IPHONEOS_DEPLOYMENT_TARGET = 10.3;
				MTL_ENABLE_DEBUG_INFO = YES;
				ONLY_ACTIVE_ARCH = YES;
				SDKROOT = iphoneos;
				SWIFT_ACTIVE_COMPILATION_CONDITIONS = DEBUG;
				SWIFT_OPTIMIZATION_LEVEL = "-Onone";
			};
			name = Debug;
		};
		367E8D281EA88BA00083DE62 /* Release */ = {
			isa = XCBuildConfiguration;
			buildSettings = {
				ALWAYS_SEARCH_USER_PATHS = NO;
				CLANG_ANALYZER_NONNULL = YES;
				CLANG_ANALYZER_NUMBER_OBJECT_CONVERSION = YES_AGGRESSIVE;
				CLANG_CXX_LANGUAGE_STANDARD = "gnu++0x";
				CLANG_CXX_LIBRARY = "libc++";
				CLANG_ENABLE_MODULES = YES;
				CLANG_ENABLE_OBJC_ARC = YES;
				CLANG_WARN_BOOL_CONVERSION = YES;
				CLANG_WARN_CONSTANT_CONVERSION = YES;
				CLANG_WARN_DIRECT_OBJC_ISA_USAGE = YES_ERROR;
				CLANG_WARN_DOCUMENTATION_COMMENTS = YES;
				CLANG_WARN_EMPTY_BODY = YES;
				CLANG_WARN_ENUM_CONVERSION = YES;
				CLANG_WARN_INFINITE_RECURSION = YES;
				CLANG_WARN_INT_CONVERSION = YES;
				CLANG_WARN_OBJC_ROOT_CLASS = YES_ERROR;
				CLANG_WARN_SUSPICIOUS_MOVE = YES;
				CLANG_WARN_UNREACHABLE_CODE = YES;
				CLANG_WARN__DUPLICATE_METHOD_MATCH = YES;
				"CODE_SIGN_IDENTITY[sdk=iphoneos*]" = "iPhone Developer";
				COPY_PHASE_STRIP = NO;
				DEBUG_INFORMATION_FORMAT = "dwarf-with-dsym";
				ENABLE_NS_ASSERTIONS = NO;
				ENABLE_STRICT_OBJC_MSGSEND = YES;
				GCC_C_LANGUAGE_STANDARD = gnu99;
				GCC_NO_COMMON_BLOCKS = YES;
				GCC_WARN_64_TO_32_BIT_CONVERSION = YES;
				GCC_WARN_ABOUT_RETURN_TYPE = YES_ERROR;
				GCC_WARN_UNDECLARED_SELECTOR = YES;
				GCC_WARN_UNINITIALIZED_AUTOS = YES_AGGRESSIVE;
				GCC_WARN_UNUSED_FUNCTION = YES;
				GCC_WARN_UNUSED_VARIABLE = YES;
				IPHONEOS_DEPLOYMENT_TARGET = 10.3;
				MTL_ENABLE_DEBUG_INFO = NO;
				SDKROOT = iphoneos;
				SWIFT_OPTIMIZATION_LEVEL = "-Owholemodule";
				VALIDATE_PRODUCT = YES;
			};
			name = Release;
		};
		367E8D2A1EA88BA00083DE62 /* Debug */ = {
			isa = XCBuildConfiguration;
			baseConfigurationReference = 30400289108E75FA7D304497 /* Pods-habitissimochallenge.debug.xcconfig */;
			buildSettings = {
				ASSETCATALOG_COMPILER_APPICON_NAME = AppIcon;
				INFOPLIST_FILE = habitissimochallenge/Info.plist;
				IPHONEOS_DEPLOYMENT_TARGET = 10.0;
				LD_RUNPATH_SEARCH_PATHS = "$(inherited) @executable_path/Frameworks";
				PRODUCT_BUNDLE_IDENTIFIER = com.marcosmolero.habitissimochallenge;
				PRODUCT_NAME = "$(TARGET_NAME)";
				SWIFT_VERSION = 3.0;
			};
			name = Debug;
		};
		367E8D2B1EA88BA00083DE62 /* Release */ = {
			isa = XCBuildConfiguration;
			baseConfigurationReference = 56102B726F0F538206343938 /* Pods-habitissimochallenge.release.xcconfig */;
			buildSettings = {
				ASSETCATALOG_COMPILER_APPICON_NAME = AppIcon;
				INFOPLIST_FILE = habitissimochallenge/Info.plist;
				IPHONEOS_DEPLOYMENT_TARGET = 10.0;
				LD_RUNPATH_SEARCH_PATHS = "$(inherited) @executable_path/Frameworks";
				PRODUCT_BUNDLE_IDENTIFIER = com.marcosmolero.habitissimochallenge;
				PRODUCT_NAME = "$(TARGET_NAME)";
				SWIFT_VERSION = 3.0;
			};
			name = Release;
		};
/* End XCBuildConfiguration section */

/* Begin XCConfigurationList section */
		367E8D101EA88BA00083DE62 /* Build configuration list for PBXProject "habitissimochallenge" */ = {
			isa = XCConfigurationList;
			buildConfigurations = (
				367E8D271EA88BA00083DE62 /* Debug */,
				367E8D281EA88BA00083DE62 /* Release */,
			);
			defaultConfigurationIsVisible = 0;
			defaultConfigurationName = Release;
		};
		367E8D291EA88BA00083DE62 /* Build configuration list for PBXNativeTarget "habitissimochallenge" */ = {
			isa = XCConfigurationList;
			buildConfigurations = (
				367E8D2A1EA88BA00083DE62 /* Debug */,
				367E8D2B1EA88BA00083DE62 /* Release */,
			);
			defaultConfigurationIsVisible = 0;
			defaultConfigurationName = Release;
		};
/* End XCConfigurationList section */
	};
	rootObject = 367E8D0D1EA88BA00083DE62 /* Project object */;
}
